
Microsoft Visual Studio Solution File, Format Version 12.00
# Visual Studio 14
VisualStudioVersion = 14.0.25123.0
MinimumVisualStudioVersion = 10.0.40219.1
Project("{FAE04EC0-301F-11D3-BF4B-00C04F79EFBC}") = "MagicCube", "MagicCube\MagicCube.csproj", "{5D641250-46C7-4563-BDC0-7A0AEBCE3171}"
EndProject
Project("{FAE04EC0-301F-11D3-BF4B-00C04F79EFBC}") = "Tests", "Tests\Tests.csproj", "{C8458075-A0EC-4D10-9118-2C706A52E553}"
EndProject
Global
	GlobalSection(SolutionConfigurationPlatforms) = preSolution
		Debug|Any CPU = Debug|Any CPU
		Release|Any CPU = Release|Any CPU
	EndGlobalSection
	GlobalSection(ProjectConfigurationPlatforms) = postSolution
		{5D641250-46C7-4563-BDC0-7A0AEBCE3171}.Debug|Any CPU.ActiveCfg = Debug|Any CPU
		{5D641250-46C7-4563-BDC0-7A0AEBCE3171}.Debug|Any CPU.Build.0 = Debug|Any CPU
		{5D641250-46C7-4563-BDC0-7A0AEBCE3171}.Release|Any CPU.ActiveCfg = Release|Any CPU
		{5D641250-46C7-4563-BDC0-7A0AEBCE3171}.Release|Any CPU.Build.0 = Release|Any CPU
		{C8458075-A0EC-4D10-9118-2C706A52E553}.Debug|Any CPU.ActiveCfg = Debug|Any CPU
		{C8458075-A0EC-4D10-9118-2C706A52E553}.Debug|Any CPU.Build.0 = Debug|Any CPU
		{C8458075-A0EC-4D10-9118-2C706A52E553}.Release|Any CPU.ActiveCfg = Release|Any CPU
		{C8458075-A0EC-4D10-9118-2C706A52E553}.Release|Any CPU.Build.0 = Release|Any CPU
	EndGlobalSection
	GlobalSection(SolutionProperties) = preSolution
		HideSolutionNode = FALSE
	EndGlobalSection
EndGlobal
